
Microsoft Visual Studio Solution File, Format Version 12.00
# Visual Studio 15
VisualStudioVersion = 15.0.27004.2006
MinimumVisualStudioVersion = 10.0.40219.1
Project("{FAE04EC0-301F-11D3-BF4B-00C04F79EFBC}") = "Andromeda", "Andromeda.csproj", "{6DBC821E-99E4-4735-8222-F5F3601E04CE}"
EndProject
Global
	GlobalSection(SolutionConfigurationPlatforms) = preSolution
		Debug|Any CPU = Debug|Any CPU
		Release|Any CPU = Release|Any CPU
	EndGlobalSection
	GlobalSection(ProjectConfigurationPlatforms) = postSolution
		{6DBC821E-99E4-4735-8222-F5F3601E04CE}.Debug|Any CPU.ActiveCfg = Debug|Any CPU
		{6DBC821E-99E4-4735-8222-F5F3601E04CE}.Debug|Any CPU.Build.0 = Debug|Any CPU
		{6DBC821E-99E4-4735-8222-F5F3601E04CE}.Release|Any CPU.ActiveCfg = Release|Any CPU
		{6DBC821E-99E4-4735-8222-F5F3601E04CE}.Release|Any CPU.Build.0 = Release|Any CPU
	EndGlobalSection
	GlobalSection(SolutionProperties) = preSolution
		HideSolutionNode = FALSE
	EndGlobalSection
	GlobalSection(ExtensibilityGlobals) = postSolution
		SolutionGuid = {92D38E77-41BF-4B5C-B892-B95353B23295}
	EndGlobalSection
EndGlobal
